
Microsoft Visual Studio Solution File, Format Version 12.00
# Visual Studio 2013
VisualStudioVersion = 12.0.30723.0
MinimumVisualStudioVersion = 10.0.40219.1
Project("{2150E333-8FDC-42A3-9474-1A3956D46DE8}") = ".nuget", ".nuget", "{AA4AEF6E-CCEB-4110-A489-B6CA729A0390}"
	ProjectSection(SolutionItems) = preProject
	EndProjectSection
EndProject
Project("{FAE04EC0-301F-11D3-BF4B-00C04F79EFBC}") = "Be.Stateless.Web", "Web\Be.Stateless.Web.csproj", "{69D1F501-1148-4182-A19A-A5B90495CB15}"
EndProject
Project("{FAE04EC0-301F-11D3-BF4B-00C04F79EFBC}") = "Be.Stateless.BizTalk.Web.Monitoring.Site", "BizTalk.Web.Monitoring.Site\Be.Stateless.BizTalk.Web.Monitoring.Site.csproj", "{DF7B3662-7BBE-4C5C-B240-3F80D442FEED}"
EndProject
Project("{FAE04EC0-301F-11D3-BF4B-00C04F79EFBC}") = "Be.Stateless.BizTalk.Web.Monitoring.Site.Tests", "BizTalk.Web.Monitoring.Site.Tests\Be.Stateless.BizTalk.Web.Monitoring.Site.Tests.csproj", "{F8030F1D-B1BB-4411-9701-21E00716179A}"
EndProject
Project("{FAE04EC0-301F-11D3-BF4B-00C04F79EFBC}") = "Be.Stateless.BizTalk.Monitoring", "BizTalk.Monitoring\Be.Stateless.BizTalk.Monitoring.csproj", "{0A651B96-1A09-42AC-BFF5-2A26B02A2B18}"
EndProject
Project("{FAE04EC0-301F-11D3-BF4B-00C04F79EFBC}") = "Be.Stateless.BizTalk.Monitoring.Tests", "BizTalk.Monitoring.Tests\Be.Stateless.BizTalk.Monitoring.Tests.csproj", "{B196BD14-402B-40CA-BDEC-6CD731596523}"
EndProject
Project("{FAE04EC0-301F-11D3-BF4B-00C04F79EFBC}") = "Be.Stateless.Common", "Common\Be.Stateless.Common.csproj", "{3B226253-7A9C-46EB-A1D8-11B1A6F634A8}"
EndProject
Project("{FAE04EC0-301F-11D3-BF4B-00C04F79EFBC}") = "Be.Stateless.Extensions", "Extensions\Be.Stateless.Extensions.csproj", "{8C40C4CF-5FC3-49CE-8314-56AEAD6DDA60}"
EndProject
Project("{FAE04EC0-301F-11D3-BF4B-00C04F79EFBC}") = "Be.Stateless.Logging", "Logging\Be.Stateless.Logging.csproj", "{8F890272-22E8-4668-9F0E-C12DD48474D2}"
EndProject
Project("{FAE04EC0-301F-11D3-BF4B-00C04F79EFBC}") = "Be.Stateless.BizTalk.Common", "BizTalk.Common\Be.Stateless.BizTalk.Common.csproj", "{68E5CFCC-205D-4526-923C-09F5F46058E4}"
EndProject
Project("{FAE04EC0-301F-11D3-BF4B-00C04F79EFBC}") = "Be.Stateless.BizTalk.Generated.Items", "BizTalk.Generated.Items\Be.Stateless.BizTalk.Generated.Items.csproj", "{D73E3CF5-25E6-4059-A50F-268287F9D148}"
EndProject
Project("{FAE04EC0-301F-11D3-BF4B-00C04F79EFBC}") = "Be.Stateless.BizTalk.Schemas", "BizTalk.Schemas\Be.Stateless.BizTalk.Schemas.btproj", "{F33DF96F-EC86-41DE-94D4-0EC981B7C9FF}"
EndProject
Global
	GlobalSection(TeamFoundationVersionControl) = preSolution
		SccNumberOfProjects = 12
		SccEnterpriseProvider = {4CA58AB2-18FA-4F8D-95D4-32DDF27D184C}
		SccTeamFoundationServer = https://tfs.codeplex.com/tfs/tfs14
		SccLocalPath0 = .
		SccProjectUniqueName1 = BizTalk.Web.Monitoring.Site.Tests\\Be.Stateless.BizTalk.Web.Monitoring.Site.Tests.csproj
		SccProjectName1 = BizTalk.Web.Monitoring.Site.Tests
		SccLocalPath1 = BizTalk.Web.Monitoring.Site.Tests
		SccProjectUniqueName2 = BizTalk.Web.Monitoring.Site\\Be.Stateless.BizTalk.Web.Monitoring.Site.csproj
		SccProjectName2 = BizTalk.Web.Monitoring.Site
		SccLocalPath2 = BizTalk.Web.Monitoring.Site
		SccProjectUniqueName3 = Web\\Be.Stateless.Web.csproj
		SccProjectName3 = Web
		SccLocalPath3 = Web
		SccProjectUniqueName4 = BizTalk.Monitoring\\Be.Stateless.BizTalk.Monitoring.csproj
		SccProjectName4 = BizTalk.Monitoring
		SccLocalPath4 = BizTalk.Monitoring
		SccProjectUniqueName5 = BizTalk.Monitoring.Tests\\Be.Stateless.BizTalk.Monitoring.Tests.csproj
		SccProjectName5 = BizTalk.Monitoring.Tests
		SccLocalPath5 = BizTalk.Monitoring.Tests
		SccProjectUniqueName6 = Common\\Be.Stateless.Common.csproj
		SccProjectName6 = Common
		SccLocalPath6 = Common
		SccProjectUniqueName7 = Extensions\\Be.Stateless.Extensions.csproj
		SccProjectName7 = Extensions
		SccLocalPath7 = Extensions
		SccProjectUniqueName8 = Logging\\Be.Stateless.Logging.csproj
		SccProjectName8 = Logging
		SccLocalPath8 = Logging
		SccProjectUniqueName9 = BizTalk.Common\\Be.Stateless.BizTalk.Common.csproj
		SccProjectName9 = BizTalk.Common
		SccLocalPath9 = BizTalk.Common
		SccProjectUniqueName10 = BizTalk.Generated.Items\\Be.Stateless.BizTalk.Generated.Items.csproj
		SccProjectName10 = BizTalk.Generated.Items
		SccLocalPath10 = BizTalk.Generated.Items
		SccProjectUniqueName11 = BizTalk.Schemas\\Be.Stateless.BizTalk.Schemas.btproj
		SccProjectName11 = BizTalk.Schemas
		SccLocalPath11 = BizTalk.Schemas
	EndGlobalSection
	GlobalSection(SolutionConfigurationPlatforms) = preSolution
		Debug - Skip RestorePackages|Any CPU = Debug - Skip RestorePackages|Any CPU
		Debug - Skip RestorePackages|x86 = Debug - Skip RestorePackages|x86
		Debug|Any CPU = Debug|Any CPU
		Debug|x86 = Debug|x86
		Release|Any CPU = Release|Any CPU
		Release|x86 = Release|x86
	EndGlobalSection
	GlobalSection(ProjectConfigurationPlatforms) = postSolution
		{69D1F501-1148-4182-A19A-A5B90495CB15}.Debug - Skip RestorePackages|Any CPU.ActiveCfg = Debug - Skip RestorePackages|Any CPU
		{69D1F501-1148-4182-A19A-A5B90495CB15}.Debug - Skip RestorePackages|Any CPU.Build.0 = Debug - Skip RestorePackages|Any CPU
		{69D1F501-1148-4182-A19A-A5B90495CB15}.Debug - Skip RestorePackages|x86.ActiveCfg = Debug - Skip RestorePackages|Any CPU
		{69D1F501-1148-4182-A19A-A5B90495CB15}.Debug|Any CPU.ActiveCfg = Debug|Any CPU
		{69D1F501-1148-4182-A19A-A5B90495CB15}.Debug|Any CPU.Build.0 = Debug|Any CPU
		{69D1F501-1148-4182-A19A-A5B90495CB15}.Debug|x86.ActiveCfg = Debug|Any CPU
		{69D1F501-1148-4182-A19A-A5B90495CB15}.Release|Any CPU.ActiveCfg = Release|Any CPU
		{69D1F501-1148-4182-A19A-A5B90495CB15}.Release|Any CPU.Build.0 = Release|Any CPU
		{69D1F501-1148-4182-A19A-A5B90495CB15}.Release|x86.ActiveCfg = Release|Any CPU
		{DF7B3662-7BBE-4C5C-B240-3F80D442FEED}.Debug - Skip RestorePackages|Any CPU.ActiveCfg = Debug - Skip RestorePackages|Any CPU
		{DF7B3662-7BBE-4C5C-B240-3F80D442FEED}.Debug - Skip RestorePackages|Any CPU.Build.0 = Debug - Skip RestorePackages|Any CPU
		{DF7B3662-7BBE-4C5C-B240-3F80D442FEED}.Debug - Skip RestorePackages|x86.ActiveCfg = Debug - Skip RestorePackages|Any CPU
		{DF7B3662-7BBE-4C5C-B240-3F80D442FEED}.Debug|Any CPU.ActiveCfg = Debug|Any CPU
		{DF7B3662-7BBE-4C5C-B240-3F80D442FEED}.Debug|Any CPU.Build.0 = Debug|Any CPU
		{DF7B3662-7BBE-4C5C-B240-3F80D442FEED}.Debug|x86.ActiveCfg = Debug|Any CPU
		{DF7B3662-7BBE-4C5C-B240-3F80D442FEED}.Release|Any CPU.ActiveCfg = Release|Any CPU
		{DF7B3662-7BBE-4C5C-B240-3F80D442FEED}.Release|Any CPU.Build.0 = Release|Any CPU
		{DF7B3662-7BBE-4C5C-B240-3F80D442FEED}.Release|x86.ActiveCfg = Release|Any CPU
		{F8030F1D-B1BB-4411-9701-21E00716179A}.Debug - Skip RestorePackages|Any CPU.ActiveCfg = Debug - Skip RestorePackages|Any CPU
		{F8030F1D-B1BB-4411-9701-21E00716179A}.Debug - Skip RestorePackages|Any CPU.Build.0 = Debug - Skip RestorePackages|Any CPU
		{F8030F1D-B1BB-4411-9701-21E00716179A}.Debug - Skip RestorePackages|x86.ActiveCfg = Debug - Skip RestorePackages|Any CPU
		{F8030F1D-B1BB-4411-9701-21E00716179A}.Debug|Any CPU.ActiveCfg = Debug|Any CPU
		{F8030F1D-B1BB-4411-9701-21E00716179A}.Debug|Any CPU.Build.0 = Debug|Any CPU
		{F8030F1D-B1BB-4411-9701-21E00716179A}.Debug|x86.ActiveCfg = Debug|Any CPU
		{F8030F1D-B1BB-4411-9701-21E00716179A}.Release|Any CPU.ActiveCfg = Release|Any CPU
		{F8030F1D-B1BB-4411-9701-21E00716179A}.Release|Any CPU.Build.0 = Release|Any CPU
		{F8030F1D-B1BB-4411-9701-21E00716179A}.Release|x86.ActiveCfg = Release|Any CPU
		{0A651B96-1A09-42AC-BFF5-2A26B02A2B18}.Debug - Skip RestorePackages|Any CPU.ActiveCfg = Debug - Skip RestorePackages|Any CPU
		{0A651B96-1A09-42AC-BFF5-2A26B02A2B18}.Debug - Skip RestorePackages|Any CPU.Build.0 = Debug - Skip RestorePackages|Any CPU
		{0A651B96-1A09-42AC-BFF5-2A26B02A2B18}.Debug - Skip RestorePackages|x86.ActiveCfg = Debug - Skip RestorePackages|Any CPU
		{0A651B96-1A09-42AC-BFF5-2A26B02A2B18}.Debug|Any CPU.ActiveCfg = Debug|Any CPU
		{0A651B96-1A09-42AC-BFF5-2A26B02A2B18}.Debug|Any CPU.Build.0 = Debug|Any CPU
		{0A651B96-1A09-42AC-BFF5-2A26B02A2B18}.Debug|x86.ActiveCfg = Debug|Any CPU
		{0A651B96-1A09-42AC-BFF5-2A26B02A2B18}.Release|Any CPU.ActiveCfg = Release|Any CPU
		{0A651B96-1A09-42AC-BFF5-2A26B02A2B18}.Release|Any CPU.Build.0 = Release|Any CPU
		{0A651B96-1A09-42AC-BFF5-2A26B02A2B18}.Release|x86.ActiveCfg = Release|Any CPU
		{B196BD14-402B-40CA-BDEC-6CD731596523}.Debug - Skip RestorePackages|Any CPU.ActiveCfg = Debug - Skip RestorePackages|Any CPU
		{B196BD14-402B-40CA-BDEC-6CD731596523}.Debug - Skip RestorePackages|Any CPU.Build.0 = Debug - Skip RestorePackages|Any CPU
		{B196BD14-402B-40CA-BDEC-6CD731596523}.Debug - Skip RestorePackages|x86.ActiveCfg = Debug - Skip RestorePackages|Any CPU
		{B196BD14-402B-40CA-BDEC-6CD731596523}.Debug|Any CPU.ActiveCfg = Debug|Any CPU
		{B196BD14-402B-40CA-BDEC-6CD731596523}.Debug|Any CPU.Build.0 = Debug|Any CPU
		{B196BD14-402B-40CA-BDEC-6CD731596523}.Debug|x86.ActiveCfg = Debug|Any CPU
		{B196BD14-402B-40CA-BDEC-6CD731596523}.Release|Any CPU.ActiveCfg = Release|Any CPU
		{B196BD14-402B-40CA-BDEC-6CD731596523}.Release|Any CPU.Build.0 = Release|Any CPU
		{B196BD14-402B-40CA-BDEC-6CD731596523}.Release|x86.ActiveCfg = Release|Any CPU
		{3B226253-7A9C-46EB-A1D8-11B1A6F634A8}.Debug - Skip RestorePackages|Any CPU.ActiveCfg = Debug - Skip RestorePackages|Any CPU
		{3B226253-7A9C-46EB-A1D8-11B1A6F634A8}.Debug - Skip RestorePackages|Any CPU.Build.0 = Debug - Skip RestorePackages|Any CPU
		{3B226253-7A9C-46EB-A1D8-11B1A6F634A8}.Debug - Skip RestorePackages|x86.ActiveCfg = Debug - Skip RestorePackages|Any CPU
		{3B226253-7A9C-46EB-A1D8-11B1A6F634A8}.Debug|Any CPU.ActiveCfg = Debug|Any CPU
		{3B226253-7A9C-46EB-A1D8-11B1A6F634A8}.Debug|Any CPU.Build.0 = Debug|Any CPU
		{3B226253-7A9C-46EB-A1D8-11B1A6F634A8}.Debug|x86.ActiveCfg = Debug|Any CPU
		{3B226253-7A9C-46EB-A1D8-11B1A6F634A8}.Release|Any CPU.ActiveCfg = Release|Any CPU
		{3B226253-7A9C-46EB-A1D8-11B1A6F634A8}.Release|Any CPU.Build.0 = Release|Any CPU
		{3B226253-7A9C-46EB-A1D8-11B1A6F634A8}.Release|x86.ActiveCfg = Release|Any CPU
		{8C40C4CF-5FC3-49CE-8314-56AEAD6DDA60}.Debug - Skip RestorePackages|Any CPU.ActiveCfg = Debug - Skip RestorePackages|Any CPU
		{8C40C4CF-5FC3-49CE-8314-56AEAD6DDA60}.Debug - Skip RestorePackages|Any CPU.Build.0 = Debug - Skip RestorePackages|Any CPU
		{8C40C4CF-5FC3-49CE-8314-56AEAD6DDA60}.Debug - Skip RestorePackages|x86.ActiveCfg = Debug - Skip RestorePackages|Any CPU
		{8C40C4CF-5FC3-49CE-8314-56AEAD6DDA60}.Debug|Any CPU.ActiveCfg = Debug|Any CPU
		{8C40C4CF-5FC3-49CE-8314-56AEAD6DDA60}.Debug|Any CPU.Build.0 = Debug|Any CPU
		{8C40C4CF-5FC3-49CE-8314-56AEAD6DDA60}.Debug|x86.ActiveCfg = Debug|Any CPU
		{8C40C4CF-5FC3-49CE-8314-56AEAD6DDA60}.Release|Any CPU.ActiveCfg = Release|Any CPU
		{8C40C4CF-5FC3-49CE-8314-56AEAD6DDA60}.Release|Any CPU.Build.0 = Release|Any CPU
		{8C40C4CF-5FC3-49CE-8314-56AEAD6DDA60}.Release|x86.ActiveCfg = Release|Any CPU
		{8F890272-22E8-4668-9F0E-C12DD48474D2}.Debug - Skip RestorePackages|Any CPU.ActiveCfg = Debug - Skip RestorePackages|Any CPU
		{8F890272-22E8-4668-9F0E-C12DD48474D2}.Debug - Skip RestorePackages|Any CPU.Build.0 = Debug - Skip RestorePackages|Any CPU
		{8F890272-22E8-4668-9F0E-C12DD48474D2}.Debug - Skip RestorePackages|x86.ActiveCfg = Debug - Skip RestorePackages|Any CPU
		{8F890272-22E8-4668-9F0E-C12DD48474D2}.Debug|Any CPU.ActiveCfg = Debug|Any CPU
		{8F890272-22E8-4668-9F0E-C12DD48474D2}.Debug|Any CPU.Build.0 = Debug|Any CPU
		{8F890272-22E8-4668-9F0E-C12DD48474D2}.Debug|x86.ActiveCfg = Debug|Any CPU
		{8F890272-22E8-4668-9F0E-C12DD48474D2}.Release|Any CPU.ActiveCfg = Release|Any CPU
		{8F890272-22E8-4668-9F0E-C12DD48474D2}.Release|Any CPU.Build.0 = Release|Any CPU
		{8F890272-22E8-4668-9F0E-C12DD48474D2}.Release|x86.ActiveCfg = Release|Any CPU
		{68E5CFCC-205D-4526-923C-09F5F46058E4}.Debug - Skip RestorePackages|Any CPU.ActiveCfg = Debug - Skip RestorePackages|Any CPU
		{68E5CFCC-205D-4526-923C-09F5F46058E4}.Debug - Skip RestorePackages|Any CPU.Build.0 = Debug - Skip RestorePackages|Any CPU
		{68E5CFCC-205D-4526-923C-09F5F46058E4}.Debug - Skip RestorePackages|x86.ActiveCfg = Debug - Skip RestorePackages|Any CPU
		{68E5CFCC-205D-4526-923C-09F5F46058E4}.Debug|Any CPU.ActiveCfg = Debug|Any CPU
		{68E5CFCC-205D-4526-923C-09F5F46058E4}.Debug|Any CPU.Build.0 = Debug|Any CPU
		{68E5CFCC-205D-4526-923C-09F5F46058E4}.Debug|x86.ActiveCfg = Debug|Any CPU
		{68E5CFCC-205D-4526-923C-09F5F46058E4}.Release|Any CPU.ActiveCfg = Release|Any CPU
		{68E5CFCC-205D-4526-923C-09F5F46058E4}.Release|Any CPU.Build.0 = Release|Any CPU
		{68E5CFCC-205D-4526-923C-09F5F46058E4}.Release|x86.ActiveCfg = Release|Any CPU
		{D73E3CF5-25E6-4059-A50F-268287F9D148}.Debug - Skip RestorePackages|Any CPU.ActiveCfg = Debug - Skip RestorePackages|Any CPU
		{D73E3CF5-25E6-4059-A50F-268287F9D148}.Debug - Skip RestorePackages|Any CPU.Build.0 = Debug - Skip RestorePackages|Any CPU
		{D73E3CF5-25E6-4059-A50F-268287F9D148}.Debug - Skip RestorePackages|x86.ActiveCfg = Debug - Skip RestorePackages|Any CPU
		{D73E3CF5-25E6-4059-A50F-268287F9D148}.Debug|Any CPU.ActiveCfg = Debug|Any CPU
		{D73E3CF5-25E6-4059-A50F-268287F9D148}.Debug|Any CPU.Build.0 = Debug|Any CPU
		{D73E3CF5-25E6-4059-A50F-268287F9D148}.Debug|x86.ActiveCfg = Debug|Any CPU
		{D73E3CF5-25E6-4059-A50F-268287F9D148}.Release|Any CPU.ActiveCfg = Release|Any CPU
		{D73E3CF5-25E6-4059-A50F-268287F9D148}.Release|Any CPU.Build.0 = Release|Any CPU
		{D73E3CF5-25E6-4059-A50F-268287F9D148}.Release|x86.ActiveCfg = Release|Any CPU
		{F33DF96F-EC86-41DE-94D4-0EC981B7C9FF}.Debug - Skip RestorePackages|Any CPU.ActiveCfg = Debug - Skip RestorePackages|Any CPU
		{F33DF96F-EC86-41DE-94D4-0EC981B7C9FF}.Debug - Skip RestorePackages|Any CPU.Build.0 = Debug - Skip RestorePackages|Any CPU
		{F33DF96F-EC86-41DE-94D4-0EC981B7C9FF}.Debug - Skip RestorePackages|x86.ActiveCfg = Debug - Skip RestorePackages|Any CPU
		{F33DF96F-EC86-41DE-94D4-0EC981B7C9FF}.Debug|Any CPU.ActiveCfg = Debug|Any CPU
		{F33DF96F-EC86-41DE-94D4-0EC981B7C9FF}.Debug|Any CPU.Build.0 = Debug|Any CPU
		{F33DF96F-EC86-41DE-94D4-0EC981B7C9FF}.Debug|x86.ActiveCfg = Debug|Any CPU
		{F33DF96F-EC86-41DE-94D4-0EC981B7C9FF}.Release|Any CPU.ActiveCfg = Release|Any CPU
		{F33DF96F-EC86-41DE-94D4-0EC981B7C9FF}.Release|Any CPU.Build.0 = Release|Any CPU
		{F33DF96F-EC86-41DE-94D4-0EC981B7C9FF}.Release|x86.ActiveCfg = Release|Any CPU
	EndGlobalSection
	GlobalSection(SolutionProperties) = preSolution
		HideSolutionNode = FALSE
	EndGlobalSection
EndGlobal

