
Microsoft Visual Studio Solution File, Format Version 10.00
# Visual Studio 2008
Project("{FAE04EC0-301F-11D3-BF4B-00C04F79EFBC}") = "Be.Stateless.Common.2008", "Common\Be.Stateless.Common.2008.csproj", "{3B226253-7A9C-46EB-A1D8-11B1A6F634A8}"
EndProject
Project("{2150E333-8FDC-42A3-9474-1A3956D46DE8}") = ".nuget", ".nuget", "{AFE2C2BE-F9A6-45C7-BBC1-08A0B83E631E}"
	ProjectSection(SolutionItems) = preProject
		.nuget\NuGet.2008.targets = .nuget\NuGet.2008.targets
		.nuget\NuGet.exe = .nuget\NuGet.exe
	EndProjectSection
EndProject
Project("{FAE04EC0-301F-11D3-BF4B-00C04F79EFBC}") = "Be.Stateless.Logging.2008", "Logging\Be.Stateless.Logging.2008.csproj", "{8F890272-22E8-4668-9F0E-C12DD48474D2}"
EndProject
Project("{FAE04EC0-301F-11D3-BF4B-00C04F79EFBC}") = "Be.Stateless.BizTalk.Common.2008", "BizTalk.Common\Be.Stateless.BizTalk.Common.2008.csproj", "{68E5CFCC-205D-4526-923C-09F5F46058E4}"
EndProject
Project("{FAE04EC0-301F-11D3-BF4B-00C04F79EFBC}") = "Be.Stateless.BizTalk.Schemas.2008", "BizTalk.Schemas\Be.Stateless.BizTalk.Schemas.2008.btproj", "{F33DF96F-EC86-41DE-94D4-0EC981B7C9FF}"
EndProject
Project("{FAE04EC0-301F-11D3-BF4B-00C04F79EFBC}") = "Be.Stateless.BizTalk.Generated.Items.2008", "BizTalk.Generated.Items\Be.Stateless.BizTalk.Generated.Items.2008.csproj", "{D73E3CF5-25E6-4059-A50F-268287F9D148}"
EndProject
Project("{FAE04EC0-301F-11D3-BF4B-00C04F79EFBC}") = "Be.Stateless.BizTalk.Transforms.2008", "BizTalk.Transforms\Be.Stateless.BizTalk.Transforms.2008.btproj", "{D0F8E1D6-2FE8-415C-9981-D08931EDC908}"
EndProject
Project("{FAE04EC0-301F-11D3-BF4B-00C04F79EFBC}") = "Be.Stateless.BizTalk.PipelineComponents.2008", "BizTalk.PipelineComponents\Be.Stateless.BizTalk.PipelineComponents.2008.csproj", "{6791C30D-4390-46CA-9CF4-BEF953817756}"
EndProject
Project("{FAE04EC0-301F-11D3-BF4B-00C04F79EFBC}") = "Be.Stateless.BizTalk.Dsl.2008", "BizTalk.Dsl\Be.Stateless.BizTalk.Dsl.2008.csproj", "{46E0347E-7978-4F76-86D7-7D31201D856D}"
EndProject
Project("{FAE04EC0-301F-11D3-BF4B-00C04F79EFBC}") = "Be.Stateless.BizTalk.Policies.2008", "BizTalk.Policies\Be.Stateless.BizTalk.Policies.2008.csproj", "{62EC131F-0984-4C8C-B1BD-66BEF9800CFA}"
EndProject
Project("{2150E333-8FDC-42A3-9474-1A3956D46DE8}") = "Deployment", "Deployment", "{EFC181B9-58B8-4771-8FBF-B3A90B284875}"
	ProjectSection(SolutionItems) = preProject
		Deployment\BizTalk.Factory.Deployment.2008.btdfproj = Deployment\BizTalk.Factory.Deployment.2008.btdfproj
		Deployment\BizTalk.Factory.Deployment.btdfproj = Deployment\BizTalk.Factory.Deployment.btdfproj
		Deployment\BizTalk.Factory.Deployment.targets = Deployment\BizTalk.Factory.Deployment.targets
		Deployment\BizTalk.Factory.ItemGroups.proj = Deployment\BizTalk.Factory.ItemGroups.proj
		Deployment\BizTalk.Factory.PortBindingsMaster.xml = Deployment\BizTalk.Factory.PortBindingsMaster.xml
		log4net.config.template = log4net.config.template
	EndProjectSection
EndProject
Project("{2150E333-8FDC-42A3-9474-1A3956D46DE8}") = "EnvironmentSettings", "EnvironmentSettings", "{34146EDC-2FC9-4665-A10C-7A873C59025D}"
	ProjectSection(SolutionItems) = preProject
		Deployment\EnvironmentSettings\BizTalk.Factory.SettingsFileGenerator.xml = Deployment\EnvironmentSettings\BizTalk.Factory.SettingsFileGenerator.xml
	EndProjectSection
EndProject
Project("{2150E333-8FDC-42A3-9474-1A3956D46DE8}") = "Scripts", "Scripts", "{7E8FE40A-1ED4-48A7-B1B3-AF7805CC74AC}"
	ProjectSection(SolutionItems) = preProject
		..\data\scripts\CreateBAMPrimaryImportObjects.sql = ..\data\scripts\CreateBAMPrimaryImportObjects.sql
		..\data\scripts\CreateBamTrackingActivitiesMaintenanceJob.sql = ..\data\scripts\CreateBamTrackingActivitiesMaintenanceJob.sql
		..\data\scripts\CreateBizTalkFactoryMgmtDb.sql = ..\data\scripts\CreateBizTalkFactoryMgmtDb.sql
		..\data\scripts\CreateBizTalkFactoryMgmtDbObjects.sql = ..\data\scripts\CreateBizTalkFactoryMgmtDbObjects.sql
		..\data\scripts\CreateBizTalkFactoryTransientStateDb.sql = ..\data\scripts\CreateBizTalkFactoryTransientStateDb.sql
		..\data\scripts\CreateBizTalkFactoryTransientStateDbObjects.sql = ..\data\scripts\CreateBizTalkFactoryTransientStateDbObjects.sql
		..\data\scripts\CreateBizTalkServerOperator.sql = ..\data\scripts\CreateBizTalkServerOperator.sql
		..\data\scripts\DropBAMPrimaryImportObjects.sql = ..\data\scripts\DropBAMPrimaryImportObjects.sql
		..\data\scripts\DropBamTrackingActivitiesMaintenanceJob.sql = ..\data\scripts\DropBamTrackingActivitiesMaintenanceJob.sql
		..\data\scripts\DropBizTalkFactoryMgmtDb.sql = ..\data\scripts\DropBizTalkFactoryMgmtDb.sql
		..\data\scripts\DropBizTalkFactoryTransientStateDb.sql = ..\data\scripts\DropBizTalkFactoryTransientStateDb.sql
		..\data\scripts\DropBizTalkServerOperator.sql = ..\data\scripts\DropBizTalkServerOperator.sql
		..\data\scripts\IncludeBizTalkFactoryTransientStateDbInBizTalkBackup.sql = ..\data\scripts\IncludeBizTalkFactoryTransientStateDbInBizTalkBackup.sql
		..\data\scripts\RemoveBizTalkFactoryTransientStateDbFromBizTalkBackup.sql = ..\data\scripts\RemoveBizTalkFactoryTransientStateDbFromBizTalkBackup.sql
		..\data\scripts\TurnOffGlobalTracking.sql = ..\data\scripts\TurnOffGlobalTracking.sql
	EndProjectSection
EndProject
Project("{FAE04EC0-301F-11D3-BF4B-00C04F79EFBC}") = "Be.Stateless.BizTalk.Pipelines.2008", "BizTalk.Pipelines\Be.Stateless.BizTalk.Pipelines.2008.btproj", "{2C77ABB3-FAD7-41FA-80BC-616BF3762C70}"
	ProjectSection(ProjectDependencies) = postProject
		{85926527-0807-4521-ACDD-74554DCDEC85} = {85926527-0807-4521-ACDD-74554DCDEC85}
	EndProjectSection
EndProject
Project("{FAE04EC0-301F-11D3-BF4B-00C04F79EFBC}") = "Be.Stateless.BizTalk.Common.Tests.2008", "BizTalk.Common.Tests\Be.Stateless.BizTalk.Common.Tests.2008.csproj", "{7A19A988-3B56-495A-A2D4-047268479F7E}"
EndProject
Project("{FAE04EC0-301F-11D3-BF4B-00C04F79EFBC}") = "Be.Stateless.BizTalk.Unit.2008", "BizTalk.Unit\Be.Stateless.BizTalk.Unit.2008.csproj", "{36EAAC42-F1B1-409A-A7DC-BBA0D59DD3AA}"
EndProject
Project("{FAE04EC0-301F-11D3-BF4B-00C04F79EFBC}") = "Be.Stateless.BizTalk.Schemas.Tests.2008", "BizTalk.Schemas.Tests\Be.Stateless.BizTalk.Schemas.Tests.2008.csproj", "{AD389997-300E-4C75-B742-B0C41BAB495B}"
EndProject
Project("{FAE04EC0-301F-11D3-BF4B-00C04F79EFBC}") = "Be.Stateless.BizTalk.Transforms.Tests.2008", "BizTalk.Transforms.Tests\Be.Stateless.BizTalk.Transforms.Tests.2008.csproj", "{C7B4D356-E410-4C7D-8C25-4FBE5F1AEA1F}"
EndProject
Project("{FAE04EC0-301F-11D3-BF4B-00C04F79EFBC}") = "Be.Stateless.BizTalk.PipelineComponents.Tests.2008", "BizTalk.PipelineComponents.Tests\Be.Stateless.BizTalk.PipelineComponents.Tests.2008.csproj", "{C3357548-BA1B-4A90-BD46-2551A8BFF281}"
EndProject
Project("{FAE04EC0-301F-11D3-BF4B-00C04F79EFBC}") = "Be.Stateless.BizTalk.Unit.Tests.2008", "BizTalk.Unit.Tests\Be.Stateless.BizTalk.Unit.Tests.2008.csproj", "{70C6FFB9-B567-4C44-BD58-236D0593B743}"
EndProject
Project("{FAE04EC0-301F-11D3-BF4B-00C04F79EFBC}") = "Be.Stateless.Common.Tests.2008", "Common.Tests\Be.Stateless.Common.Tests.2008.csproj", "{C2F31534-053E-49B9-BA13-B4285E405592}"
EndProject
Project("{FAE04EC0-301F-11D3-BF4B-00C04F79EFBC}") = "Be.Stateless.BizTalk.Dsl.Tests.2008", "BizTalk.Dsl.Tests\Be.Stateless.BizTalk.Dsl.Tests.2008.csproj", "{DF6F0133-E4A1-4518-BDD0-192D8C399C02}"
EndProject
Project("{FAE04EC0-301F-11D3-BF4B-00C04F79EFBC}") = "Be.Stateless.BizTalk.Policies.Tests.2008", "BizTalk.Policies.Tests\Be.Stateless.BizTalk.Policies.Tests.2008.csproj", "{07665FE2-0C8D-49CC-B40A-4A7CE1665726}"
EndProject
Project("{FAE04EC0-301F-11D3-BF4B-00C04F79EFBC}") = "Be.Stateless.ServiceModel.2008", "ServiceModel\Be.Stateless.ServiceModel.2008.csproj", "{DB31AA9F-DD05-471C-A214-722D755D3D7C}"
EndProject
Project("{FAE04EC0-301F-11D3-BF4B-00C04F79EFBC}") = "Be.Stateless.BizTalk.Dsl.MSBuild.2008", "BizTalk.Dsl.MSBuild\Be.Stateless.BizTalk.Dsl.MSBuild.2008.csproj", "{40D0C5EF-9A8F-4786-A4AC-3A67BA8A16E0}"
EndProject
Project("{FAE04EC0-301F-11D3-BF4B-00C04F79EFBC}") = "Be.Stateless.BizTalk.PipelineDefinitions.2008", "BizTalk.PipelineDefinitions\Be.Stateless.BizTalk.PipelineDefinitions.2008.csproj", "{85926527-0807-4521-ACDD-74554DCDEC85}"
EndProject
Project("{FAE04EC0-301F-11D3-BF4B-00C04F79EFBC}") = "Be.Stateless.BizTalk.Pipelines.Tests.2008", "BizTalk.Pipelines.Tests\Be.Stateless.BizTalk.Pipelines.Tests.2008.csproj", "{8989B132-F574-4EA7-A72A-CD4A83E5BE00}"
EndProject
Project("{FAE04EC0-301F-11D3-BF4B-00C04F79EFBC}") = "Be.Stateless.BizTalk.Processes.Tests.2008", "BizTalk.Processes.Tests\Be.Stateless.BizTalk.Processes.Tests.2008.csproj", "{AE91E0D4-68DD-44CD-9EDC-F167719F56F3}"
EndProject
Project("{FAE04EC0-301F-11D3-BF4B-00C04F79EFBC}") = "Be.Stateless.BizTalk.Monitoring.Assertions", "BizTalk.Monitoring.Assertions\Be.Stateless.BizTalk.Monitoring.Assertions.csproj", "{B7CA9729-E74F-406A-A1C7-3055065EFBB9}"
EndProject
Project("{FAE04EC0-301F-11D3-BF4B-00C04F79EFBC}") = "Be.Stateless.BizTalk.Explorer.2008", "BizTalk.Explorer\Be.Stateless.BizTalk.Explorer.2008.csproj", "{C1E4257C-6BA5-4E88-96E2-6961DA3053D4}"
EndProject
Global
	GlobalSection(TeamFoundationVersionControl) = preSolution
		SccNumberOfProjects = 27
		SccEnterpriseProvider = {4CA58AB2-18FA-4F8D-95D4-32DDF27D184C}
		SccTeamFoundationServer = https://tfs.codeplex.com/tfs/TFS14
		SccLocalPath0 = .
		SccProjectUniqueName1 = Common\\Be.Stateless.Common.2008.csproj
		SccProjectName1 = Common
		SccLocalPath1 = Common
		SccProjectUniqueName2 = Logging\\Be.Stateless.Logging.2008.csproj
		SccProjectName2 = Logging
		SccLocalPath2 = Logging
		SccProjectUniqueName3 = BizTalk.Common\\Be.Stateless.BizTalk.Common.2008.csproj
		SccProjectName3 = BizTalk.Common
		SccLocalPath3 = BizTalk.Common
		SccProjectUniqueName4 = BizTalk.Schemas\\Be.Stateless.BizTalk.Schemas.2008.btproj
		SccProjectName4 = BizTalk.Schemas
		SccLocalPath4 = BizTalk.Schemas
		SccProjectUniqueName5 = BizTalk.Transforms\\Be.Stateless.BizTalk.Transforms.2008.btproj
		SccProjectName5 = BizTalk.Transforms
		SccLocalPath5 = BizTalk.Transforms
		SccProjectUniqueName6 = BizTalk.PipelineComponents\\Be.Stateless.BizTalk.PipelineComponents.2008.csproj
		SccProjectName6 = BizTalk.PipelineComponents
		SccLocalPath6 = BizTalk.PipelineComponents
		SccProjectUniqueName7 = BizTalk.Dsl\\Be.Stateless.BizTalk.Dsl.2008.csproj
		SccProjectName7 = BizTalk.Dsl
		SccLocalPath7 = BizTalk.Dsl
		SccProjectUniqueName8 = BizTalk.Policies\\Be.Stateless.BizTalk.Policies.2008.csproj
		SccProjectName8 = BizTalk.Policies
		SccLocalPath8 = BizTalk.Policies
		SccProjectUniqueName9 = BizTalk.Pipelines\\Be.Stateless.BizTalk.Pipelines.2008.btproj
		SccProjectName9 = BizTalk.Pipelines
		SccLocalPath9 = BizTalk.Pipelines
		SccProjectUniqueName10 = BizTalk.Common.Tests\\Be.Stateless.BizTalk.Common.Tests.2008.csproj
		SccProjectName10 = BizTalk.Common.Tests
		SccLocalPath10 = BizTalk.Common.Tests
		SccProjectUniqueName11 = BizTalk.Unit\\Be.Stateless.BizTalk.Unit.2008.csproj
		SccProjectName11 = BizTalk.Unit
		SccLocalPath11 = BizTalk.Unit
		SccProjectUniqueName12 = BizTalk.Schemas.Tests\\Be.Stateless.BizTalk.Schemas.Tests.2008.csproj
		SccProjectName12 = BizTalk.Schemas.Tests
		SccLocalPath12 = BizTalk.Schemas.Tests
		SccProjectUniqueName13 = BizTalk.Transforms.Tests\\Be.Stateless.BizTalk.Transforms.Tests.2008.csproj
		SccProjectName13 = BizTalk.Transforms.Tests
		SccLocalPath13 = BizTalk.Transforms.Tests
		SccProjectUniqueName14 = BizTalk.PipelineComponents.Tests\\Be.Stateless.BizTalk.PipelineComponents.Tests.2008.csproj
		SccProjectName14 = BizTalk.PipelineComponents.Tests
		SccLocalPath14 = BizTalk.PipelineComponents.Tests
		SccProjectUniqueName15 = BizTalk.Unit.Tests\\Be.Stateless.BizTalk.Unit.Tests.2008.csproj
		SccProjectName15 = BizTalk.Unit.Tests
		SccLocalPath15 = BizTalk.Unit.Tests
		SccProjectUniqueName16 = Common.Tests\\Be.Stateless.Common.Tests.2008.csproj
		SccProjectName16 = Common.Tests
		SccLocalPath16 = Common.Tests
		SccProjectUniqueName17 = BizTalk.Dsl.Tests\\Be.Stateless.BizTalk.Dsl.Tests.2008.csproj
		SccProjectName17 = BizTalk.Dsl.Tests
		SccLocalPath17 = BizTalk.Dsl.Tests
		SccProjectUniqueName18 = BizTalk.Policies.Tests\\Be.Stateless.BizTalk.Policies.Tests.2008.csproj
		SccProjectName18 = BizTalk.Policies.Tests
		SccLocalPath18 = BizTalk.Policies.Tests
		SccProjectUniqueName19 = ServiceModel\\Be.Stateless.ServiceModel.2008.csproj
		SccProjectName19 = ServiceModel
		SccLocalPath19 = ServiceModel
		SccProjectUniqueName20 = BizTalk.Dsl.MSBuild\\Be.Stateless.BizTalk.Dsl.MSBuild.2008.csproj
		SccProjectName20 = BizTalk.Dsl.MSBuild
		SccLocalPath20 = BizTalk.Dsl.MSBuild
		SccProjectUniqueName21 = BizTalk.PipelineDefinitions\\Be.Stateless.BizTalk.PipelineDefinitions.2008.csproj
		SccProjectName21 = BizTalk.PipelineDefinitions
		SccLocalPath21 = BizTalk.PipelineDefinitions
		SccProjectUniqueName22 = BizTalk.Generated.Items\\Be.Stateless.BizTalk.Generated.Items.2008.csproj
		SccProjectName22 = BizTalk.Generated.Items
		SccLocalPath22 = BizTalk.Generated.Items
		SccProjectUniqueName23 = BizTalk.Pipelines.Tests\\Be.Stateless.BizTalk.Pipelines.Tests.2008.csproj
		SccProjectName23 = BizTalk.Pipelines.Tests
		SccLocalPath23 = BizTalk.Pipelines.Tests
		SccProjectUniqueName24 = BizTalk.Processes.Tests\\Be.Stateless.BizTalk.Processes.Tests.2008.csproj
		SccProjectName24 = BizTalk.Processes.Tests
		SccLocalPath24 = BizTalk.Processes.Tests
		SccProjectUniqueName25 = BizTalk.Monitoring.Assertions\\Be.Stateless.BizTalk.Monitoring.Assertions.csproj
		SccProjectName25 = BizTalk.Monitoring.Assertions
		SccLocalPath25 = BizTalk.Monitoring.Assertions
		SccProjectUniqueName26 = BizTalk.Explorer\\Be.Stateless.BizTalk.Explorer.2008.csproj
		SccProjectName26 = BizTalk.Explorer
		SccLocalPath26 = BizTalk.Explorer
	EndGlobalSection
	GlobalSection(SolutionConfigurationPlatforms) = preSolution
		Debug - Skip RestorePackages|Any CPU = Debug - Skip RestorePackages|Any CPU
		Debug|Any CPU = Debug|Any CPU
		Release|Any CPU = Release|Any CPU
	EndGlobalSection
	GlobalSection(ProjectConfigurationPlatforms) = postSolution
		{3B226253-7A9C-46EB-A1D8-11B1A6F634A8}.Debug - Skip RestorePackages|Any CPU.ActiveCfg = Debug - Skip RestorePackages|Any CPU
		{3B226253-7A9C-46EB-A1D8-11B1A6F634A8}.Debug - Skip RestorePackages|Any CPU.Build.0 = Debug - Skip RestorePackages|Any CPU
		{3B226253-7A9C-46EB-A1D8-11B1A6F634A8}.Debug|Any CPU.ActiveCfg = Debug|Any CPU
		{3B226253-7A9C-46EB-A1D8-11B1A6F634A8}.Debug|Any CPU.Build.0 = Debug|Any CPU
		{3B226253-7A9C-46EB-A1D8-11B1A6F634A8}.Release|Any CPU.ActiveCfg = Release|Any CPU
		{3B226253-7A9C-46EB-A1D8-11B1A6F634A8}.Release|Any CPU.Build.0 = Release|Any CPU
		{8F890272-22E8-4668-9F0E-C12DD48474D2}.Debug - Skip RestorePackages|Any CPU.ActiveCfg = Debug - Skip RestorePackages|Any CPU
		{8F890272-22E8-4668-9F0E-C12DD48474D2}.Debug - Skip RestorePackages|Any CPU.Build.0 = Debug - Skip RestorePackages|Any CPU
		{8F890272-22E8-4668-9F0E-C12DD48474D2}.Debug|Any CPU.ActiveCfg = Debug|Any CPU
		{8F890272-22E8-4668-9F0E-C12DD48474D2}.Debug|Any CPU.Build.0 = Debug|Any CPU
		{8F890272-22E8-4668-9F0E-C12DD48474D2}.Release|Any CPU.ActiveCfg = Release|Any CPU
		{8F890272-22E8-4668-9F0E-C12DD48474D2}.Release|Any CPU.Build.0 = Release|Any CPU
		{68E5CFCC-205D-4526-923C-09F5F46058E4}.Debug - Skip RestorePackages|Any CPU.ActiveCfg = Debug - Skip RestorePackages|Any CPU
		{68E5CFCC-205D-4526-923C-09F5F46058E4}.Debug - Skip RestorePackages|Any CPU.Build.0 = Debug - Skip RestorePackages|Any CPU
		{68E5CFCC-205D-4526-923C-09F5F46058E4}.Debug|Any CPU.ActiveCfg = Debug|Any CPU
		{68E5CFCC-205D-4526-923C-09F5F46058E4}.Debug|Any CPU.Build.0 = Debug|Any CPU
		{68E5CFCC-205D-4526-923C-09F5F46058E4}.Release|Any CPU.ActiveCfg = Release|Any CPU
		{68E5CFCC-205D-4526-923C-09F5F46058E4}.Release|Any CPU.Build.0 = Release|Any CPU
		{F33DF96F-EC86-41DE-94D4-0EC981B7C9FF}.Debug - Skip RestorePackages|Any CPU.ActiveCfg = Debug - Skip RestorePackages|Any CPU
		{F33DF96F-EC86-41DE-94D4-0EC981B7C9FF}.Debug - Skip RestorePackages|Any CPU.Build.0 = Debug - Skip RestorePackages|Any CPU
		{F33DF96F-EC86-41DE-94D4-0EC981B7C9FF}.Debug|Any CPU.ActiveCfg = Debug|Any CPU
		{F33DF96F-EC86-41DE-94D4-0EC981B7C9FF}.Debug|Any CPU.Build.0 = Debug|Any CPU
		{F33DF96F-EC86-41DE-94D4-0EC981B7C9FF}.Release|Any CPU.ActiveCfg = Release|Any CPU
		{F33DF96F-EC86-41DE-94D4-0EC981B7C9FF}.Release|Any CPU.Build.0 = Release|Any CPU
		{D73E3CF5-25E6-4059-A50F-268287F9D148}.Debug - Skip RestorePackages|Any CPU.ActiveCfg = Debug - Skip RestorePackages|Any CPU
		{D73E3CF5-25E6-4059-A50F-268287F9D148}.Debug - Skip RestorePackages|Any CPU.Build.0 = Debug - Skip RestorePackages|Any CPU
		{D73E3CF5-25E6-4059-A50F-268287F9D148}.Debug|Any CPU.ActiveCfg = Debug|Any CPU
		{D73E3CF5-25E6-4059-A50F-268287F9D148}.Debug|Any CPU.Build.0 = Debug|Any CPU
		{D73E3CF5-25E6-4059-A50F-268287F9D148}.Release|Any CPU.ActiveCfg = Release|Any CPU
		{D73E3CF5-25E6-4059-A50F-268287F9D148}.Release|Any CPU.Build.0 = Release|Any CPU
		{D0F8E1D6-2FE8-415C-9981-D08931EDC908}.Debug - Skip RestorePackages|Any CPU.ActiveCfg = Debug - Skip RestorePackages|Any CPU
		{D0F8E1D6-2FE8-415C-9981-D08931EDC908}.Debug - Skip RestorePackages|Any CPU.Build.0 = Debug - Skip RestorePackages|Any CPU
		{D0F8E1D6-2FE8-415C-9981-D08931EDC908}.Debug|Any CPU.ActiveCfg = Debug|Any CPU
		{D0F8E1D6-2FE8-415C-9981-D08931EDC908}.Debug|Any CPU.Build.0 = Debug|Any CPU
		{D0F8E1D6-2FE8-415C-9981-D08931EDC908}.Release|Any CPU.ActiveCfg = Release|Any CPU
		{D0F8E1D6-2FE8-415C-9981-D08931EDC908}.Release|Any CPU.Build.0 = Release|Any CPU
		{6791C30D-4390-46CA-9CF4-BEF953817756}.Debug - Skip RestorePackages|Any CPU.ActiveCfg = Debug - Skip RestorePackages|Any CPU
		{6791C30D-4390-46CA-9CF4-BEF953817756}.Debug - Skip RestorePackages|Any CPU.Build.0 = Debug - Skip RestorePackages|Any CPU
		{6791C30D-4390-46CA-9CF4-BEF953817756}.Debug|Any CPU.ActiveCfg = Debug|Any CPU
		{6791C30D-4390-46CA-9CF4-BEF953817756}.Debug|Any CPU.Build.0 = Debug|Any CPU
		{6791C30D-4390-46CA-9CF4-BEF953817756}.Release|Any CPU.ActiveCfg = Release|Any CPU
		{6791C30D-4390-46CA-9CF4-BEF953817756}.Release|Any CPU.Build.0 = Release|Any CPU
		{46E0347E-7978-4F76-86D7-7D31201D856D}.Debug - Skip RestorePackages|Any CPU.ActiveCfg = Debug - Skip RestorePackages|Any CPU
		{46E0347E-7978-4F76-86D7-7D31201D856D}.Debug - Skip RestorePackages|Any CPU.Build.0 = Debug - Skip RestorePackages|Any CPU
		{46E0347E-7978-4F76-86D7-7D31201D856D}.Debug|Any CPU.ActiveCfg = Debug|Any CPU
		{46E0347E-7978-4F76-86D7-7D31201D856D}.Debug|Any CPU.Build.0 = Debug|Any CPU
		{46E0347E-7978-4F76-86D7-7D31201D856D}.Release|Any CPU.ActiveCfg = Release|Any CPU
		{46E0347E-7978-4F76-86D7-7D31201D856D}.Release|Any CPU.Build.0 = Release|Any CPU
		{62EC131F-0984-4C8C-B1BD-66BEF9800CFA}.Debug - Skip RestorePackages|Any CPU.ActiveCfg = Debug - Skip RestorePackages|Any CPU
		{62EC131F-0984-4C8C-B1BD-66BEF9800CFA}.Debug - Skip RestorePackages|Any CPU.Build.0 = Debug - Skip RestorePackages|Any CPU
		{62EC131F-0984-4C8C-B1BD-66BEF9800CFA}.Debug|Any CPU.ActiveCfg = Debug|Any CPU
		{62EC131F-0984-4C8C-B1BD-66BEF9800CFA}.Debug|Any CPU.Build.0 = Debug|Any CPU
		{62EC131F-0984-4C8C-B1BD-66BEF9800CFA}.Release|Any CPU.ActiveCfg = Release|Any CPU
		{62EC131F-0984-4C8C-B1BD-66BEF9800CFA}.Release|Any CPU.Build.0 = Release|Any CPU
		{2C77ABB3-FAD7-41FA-80BC-616BF3762C70}.Debug - Skip RestorePackages|Any CPU.ActiveCfg = Debug - Skip RestorePackages|Any CPU
		{2C77ABB3-FAD7-41FA-80BC-616BF3762C70}.Debug - Skip RestorePackages|Any CPU.Build.0 = Debug - Skip RestorePackages|Any CPU
		{2C77ABB3-FAD7-41FA-80BC-616BF3762C70}.Debug|Any CPU.ActiveCfg = Debug|Any CPU
		{2C77ABB3-FAD7-41FA-80BC-616BF3762C70}.Debug|Any CPU.Build.0 = Debug|Any CPU
		{2C77ABB3-FAD7-41FA-80BC-616BF3762C70}.Release|Any CPU.ActiveCfg = Release|Any CPU
		{2C77ABB3-FAD7-41FA-80BC-616BF3762C70}.Release|Any CPU.Build.0 = Release|Any CPU
		{7A19A988-3B56-495A-A2D4-047268479F7E}.Debug - Skip RestorePackages|Any CPU.ActiveCfg = Debug - Skip RestorePackages|Any CPU
		{7A19A988-3B56-495A-A2D4-047268479F7E}.Debug - Skip RestorePackages|Any CPU.Build.0 = Debug - Skip RestorePackages|Any CPU
		{7A19A988-3B56-495A-A2D4-047268479F7E}.Debug|Any CPU.ActiveCfg = Debug|Any CPU
		{7A19A988-3B56-495A-A2D4-047268479F7E}.Debug|Any CPU.Build.0 = Debug|Any CPU
		{7A19A988-3B56-495A-A2D4-047268479F7E}.Release|Any CPU.ActiveCfg = Release|Any CPU
		{7A19A988-3B56-495A-A2D4-047268479F7E}.Release|Any CPU.Build.0 = Release|Any CPU
		{36EAAC42-F1B1-409A-A7DC-BBA0D59DD3AA}.Debug - Skip RestorePackages|Any CPU.ActiveCfg = Debug - Skip RestorePackages|Any CPU
		{36EAAC42-F1B1-409A-A7DC-BBA0D59DD3AA}.Debug - Skip RestorePackages|Any CPU.Build.0 = Debug - Skip RestorePackages|Any CPU
		{36EAAC42-F1B1-409A-A7DC-BBA0D59DD3AA}.Debug|Any CPU.ActiveCfg = Debug|Any CPU
		{36EAAC42-F1B1-409A-A7DC-BBA0D59DD3AA}.Debug|Any CPU.Build.0 = Debug|Any CPU
		{36EAAC42-F1B1-409A-A7DC-BBA0D59DD3AA}.Release|Any CPU.ActiveCfg = Release|Any CPU
		{36EAAC42-F1B1-409A-A7DC-BBA0D59DD3AA}.Release|Any CPU.Build.0 = Release|Any CPU
		{AD389997-300E-4C75-B742-B0C41BAB495B}.Debug - Skip RestorePackages|Any CPU.ActiveCfg = Debug - Skip RestorePackages|Any CPU
		{AD389997-300E-4C75-B742-B0C41BAB495B}.Debug - Skip RestorePackages|Any CPU.Build.0 = Debug - Skip RestorePackages|Any CPU
		{AD389997-300E-4C75-B742-B0C41BAB495B}.Debug|Any CPU.ActiveCfg = Debug|Any CPU
		{AD389997-300E-4C75-B742-B0C41BAB495B}.Debug|Any CPU.Build.0 = Debug|Any CPU
		{AD389997-300E-4C75-B742-B0C41BAB495B}.Release|Any CPU.ActiveCfg = Release|Any CPU
		{AD389997-300E-4C75-B742-B0C41BAB495B}.Release|Any CPU.Build.0 = Release|Any CPU
		{C7B4D356-E410-4C7D-8C25-4FBE5F1AEA1F}.Debug - Skip RestorePackages|Any CPU.ActiveCfg = Debug - Skip RestorePackages|Any CPU
		{C7B4D356-E410-4C7D-8C25-4FBE5F1AEA1F}.Debug - Skip RestorePackages|Any CPU.Build.0 = Debug - Skip RestorePackages|Any CPU
		{C7B4D356-E410-4C7D-8C25-4FBE5F1AEA1F}.Debug|Any CPU.ActiveCfg = Debug|Any CPU
		{C7B4D356-E410-4C7D-8C25-4FBE5F1AEA1F}.Debug|Any CPU.Build.0 = Debug|Any CPU
		{C7B4D356-E410-4C7D-8C25-4FBE5F1AEA1F}.Release|Any CPU.ActiveCfg = Release|Any CPU
		{C7B4D356-E410-4C7D-8C25-4FBE5F1AEA1F}.Release|Any CPU.Build.0 = Release|Any CPU
		{C3357548-BA1B-4A90-BD46-2551A8BFF281}.Debug - Skip RestorePackages|Any CPU.ActiveCfg = Debug - Skip RestorePackages|Any CPU
		{C3357548-BA1B-4A90-BD46-2551A8BFF281}.Debug - Skip RestorePackages|Any CPU.Build.0 = Debug - Skip RestorePackages|Any CPU
		{C3357548-BA1B-4A90-BD46-2551A8BFF281}.Debug|Any CPU.ActiveCfg = Debug|Any CPU
		{C3357548-BA1B-4A90-BD46-2551A8BFF281}.Debug|Any CPU.Build.0 = Debug|Any CPU
		{C3357548-BA1B-4A90-BD46-2551A8BFF281}.Release|Any CPU.ActiveCfg = Release|Any CPU
		{C3357548-BA1B-4A90-BD46-2551A8BFF281}.Release|Any CPU.Build.0 = Release|Any CPU
		{70C6FFB9-B567-4C44-BD58-236D0593B743}.Debug - Skip RestorePackages|Any CPU.ActiveCfg = Debug - Skip RestorePackages|Any CPU
		{70C6FFB9-B567-4C44-BD58-236D0593B743}.Debug - Skip RestorePackages|Any CPU.Build.0 = Debug - Skip RestorePackages|Any CPU
		{70C6FFB9-B567-4C44-BD58-236D0593B743}.Debug|Any CPU.ActiveCfg = Debug|Any CPU
		{70C6FFB9-B567-4C44-BD58-236D0593B743}.Debug|Any CPU.Build.0 = Debug|Any CPU
		{70C6FFB9-B567-4C44-BD58-236D0593B743}.Release|Any CPU.ActiveCfg = Release|Any CPU
		{70C6FFB9-B567-4C44-BD58-236D0593B743}.Release|Any CPU.Build.0 = Release|Any CPU
		{C2F31534-053E-49B9-BA13-B4285E405592}.Debug - Skip RestorePackages|Any CPU.ActiveCfg = Debug - Skip RestorePackages|Any CPU
		{C2F31534-053E-49B9-BA13-B4285E405592}.Debug - Skip RestorePackages|Any CPU.Build.0 = Debug - Skip RestorePackages|Any CPU
		{C2F31534-053E-49B9-BA13-B4285E405592}.Debug|Any CPU.ActiveCfg = Debug|Any CPU
		{C2F31534-053E-49B9-BA13-B4285E405592}.Debug|Any CPU.Build.0 = Debug|Any CPU
		{C2F31534-053E-49B9-BA13-B4285E405592}.Release|Any CPU.ActiveCfg = Release|Any CPU
		{C2F31534-053E-49B9-BA13-B4285E405592}.Release|Any CPU.Build.0 = Release|Any CPU
		{DF6F0133-E4A1-4518-BDD0-192D8C399C02}.Debug - Skip RestorePackages|Any CPU.ActiveCfg = Debug - Skip RestorePackages|Any CPU
		{DF6F0133-E4A1-4518-BDD0-192D8C399C02}.Debug - Skip RestorePackages|Any CPU.Build.0 = Debug - Skip RestorePackages|Any CPU
		{DF6F0133-E4A1-4518-BDD0-192D8C399C02}.Debug|Any CPU.ActiveCfg = Debug|Any CPU
		{DF6F0133-E4A1-4518-BDD0-192D8C399C02}.Debug|Any CPU.Build.0 = Debug|Any CPU
		{DF6F0133-E4A1-4518-BDD0-192D8C399C02}.Release|Any CPU.ActiveCfg = Release|Any CPU
		{DF6F0133-E4A1-4518-BDD0-192D8C399C02}.Release|Any CPU.Build.0 = Release|Any CPU
		{07665FE2-0C8D-49CC-B40A-4A7CE1665726}.Debug - Skip RestorePackages|Any CPU.ActiveCfg = Debug - Skip RestorePackages|Any CPU
		{07665FE2-0C8D-49CC-B40A-4A7CE1665726}.Debug - Skip RestorePackages|Any CPU.Build.0 = Debug - Skip RestorePackages|Any CPU
		{07665FE2-0C8D-49CC-B40A-4A7CE1665726}.Debug|Any CPU.ActiveCfg = Debug|Any CPU
		{07665FE2-0C8D-49CC-B40A-4A7CE1665726}.Debug|Any CPU.Build.0 = Debug|Any CPU
		{07665FE2-0C8D-49CC-B40A-4A7CE1665726}.Release|Any CPU.ActiveCfg = Release|Any CPU
		{07665FE2-0C8D-49CC-B40A-4A7CE1665726}.Release|Any CPU.Build.0 = Release|Any CPU
		{DB31AA9F-DD05-471C-A214-722D755D3D7C}.Debug - Skip RestorePackages|Any CPU.ActiveCfg = Debug - Skip RestorePackages|Any CPU
		{DB31AA9F-DD05-471C-A214-722D755D3D7C}.Debug - Skip RestorePackages|Any CPU.Build.0 = Debug - Skip RestorePackages|Any CPU
		{DB31AA9F-DD05-471C-A214-722D755D3D7C}.Debug|Any CPU.ActiveCfg = Debug|Any CPU
		{DB31AA9F-DD05-471C-A214-722D755D3D7C}.Debug|Any CPU.Build.0 = Debug|Any CPU
		{DB31AA9F-DD05-471C-A214-722D755D3D7C}.Release|Any CPU.ActiveCfg = Release|Any CPU
		{DB31AA9F-DD05-471C-A214-722D755D3D7C}.Release|Any CPU.Build.0 = Release|Any CPU
		{40D0C5EF-9A8F-4786-A4AC-3A67BA8A16E0}.Debug - Skip RestorePackages|Any CPU.ActiveCfg = Debug - Skip RestorePackages|Any CPU
		{40D0C5EF-9A8F-4786-A4AC-3A67BA8A16E0}.Debug - Skip RestorePackages|Any CPU.Build.0 = Debug - Skip RestorePackages|Any CPU
		{40D0C5EF-9A8F-4786-A4AC-3A67BA8A16E0}.Debug|Any CPU.ActiveCfg = Debug|Any CPU
		{40D0C5EF-9A8F-4786-A4AC-3A67BA8A16E0}.Debug|Any CPU.Build.0 = Debug|Any CPU
		{40D0C5EF-9A8F-4786-A4AC-3A67BA8A16E0}.Release|Any CPU.ActiveCfg = Release|Any CPU
		{40D0C5EF-9A8F-4786-A4AC-3A67BA8A16E0}.Release|Any CPU.Build.0 = Release|Any CPU
		{85926527-0807-4521-ACDD-74554DCDEC85}.Debug - Skip RestorePackages|Any CPU.ActiveCfg = Debug - Skip RestorePackages|Any CPU
		{85926527-0807-4521-ACDD-74554DCDEC85}.Debug - Skip RestorePackages|Any CPU.Build.0 = Debug - Skip RestorePackages|Any CPU
		{85926527-0807-4521-ACDD-74554DCDEC85}.Debug|Any CPU.ActiveCfg = Debug|Any CPU
		{85926527-0807-4521-ACDD-74554DCDEC85}.Debug|Any CPU.Build.0 = Debug|Any CPU
		{85926527-0807-4521-ACDD-74554DCDEC85}.Release|Any CPU.ActiveCfg = Release|Any CPU
		{85926527-0807-4521-ACDD-74554DCDEC85}.Release|Any CPU.Build.0 = Release|Any CPU
		{8989B132-F574-4EA7-A72A-CD4A83E5BE00}.Debug - Skip RestorePackages|Any CPU.ActiveCfg = Debug - Skip RestorePackages|Any CPU
		{8989B132-F574-4EA7-A72A-CD4A83E5BE00}.Debug - Skip RestorePackages|Any CPU.Build.0 = Debug - Skip RestorePackages|Any CPU
		{8989B132-F574-4EA7-A72A-CD4A83E5BE00}.Debug|Any CPU.ActiveCfg = Debug|Any CPU
		{8989B132-F574-4EA7-A72A-CD4A83E5BE00}.Debug|Any CPU.Build.0 = Debug|Any CPU
		{8989B132-F574-4EA7-A72A-CD4A83E5BE00}.Release|Any CPU.ActiveCfg = Release|Any CPU
		{8989B132-F574-4EA7-A72A-CD4A83E5BE00}.Release|Any CPU.Build.0 = Release|Any CPU
		{AE91E0D4-68DD-44CD-9EDC-F167719F56F3}.Debug - Skip RestorePackages|Any CPU.ActiveCfg = Debug - Skip RestorePackages|Any CPU
		{AE91E0D4-68DD-44CD-9EDC-F167719F56F3}.Debug - Skip RestorePackages|Any CPU.Build.0 = Debug - Skip RestorePackages|Any CPU
		{AE91E0D4-68DD-44CD-9EDC-F167719F56F3}.Debug|Any CPU.ActiveCfg = Debug|Any CPU
		{AE91E0D4-68DD-44CD-9EDC-F167719F56F3}.Debug|Any CPU.Build.0 = Debug|Any CPU
		{AE91E0D4-68DD-44CD-9EDC-F167719F56F3}.Release|Any CPU.ActiveCfg = Release|Any CPU
		{AE91E0D4-68DD-44CD-9EDC-F167719F56F3}.Release|Any CPU.Build.0 = Release|Any CPU
		{B7CA9729-E74F-406A-A1C7-3055065EFBB9}.Debug - Skip RestorePackages|Any CPU.ActiveCfg = Debug - Skip RestorePackages|Any CPU
		{B7CA9729-E74F-406A-A1C7-3055065EFBB9}.Debug - Skip RestorePackages|Any CPU.Build.0 = Debug - Skip RestorePackages|Any CPU
		{B7CA9729-E74F-406A-A1C7-3055065EFBB9}.Debug|Any CPU.ActiveCfg = Debug|Any CPU
		{B7CA9729-E74F-406A-A1C7-3055065EFBB9}.Debug|Any CPU.Build.0 = Debug|Any CPU
		{B7CA9729-E74F-406A-A1C7-3055065EFBB9}.Release|Any CPU.ActiveCfg = Release|Any CPU
		{B7CA9729-E74F-406A-A1C7-3055065EFBB9}.Release|Any CPU.Build.0 = Release|Any CPU
		{C1E4257C-6BA5-4E88-96E2-6961DA3053D4}.Debug - Skip RestorePackages|Any CPU.ActiveCfg = Debug - Skip RestorePackages|Any CPU
		{C1E4257C-6BA5-4E88-96E2-6961DA3053D4}.Debug - Skip RestorePackages|Any CPU.Build.0 = Debug - Skip RestorePackages|Any CPU
		{C1E4257C-6BA5-4E88-96E2-6961DA3053D4}.Debug|Any CPU.ActiveCfg = Debug|Any CPU
		{C1E4257C-6BA5-4E88-96E2-6961DA3053D4}.Debug|Any CPU.Build.0 = Debug|Any CPU
		{C1E4257C-6BA5-4E88-96E2-6961DA3053D4}.Release|Any CPU.ActiveCfg = Release|Any CPU
		{C1E4257C-6BA5-4E88-96E2-6961DA3053D4}.Release|Any CPU.Build.0 = Release|Any CPU
	EndGlobalSection
	GlobalSection(SolutionProperties) = preSolution
		HideSolutionNode = FALSE
	EndGlobalSection
	GlobalSection(NestedProjects) = preSolution
		{34146EDC-2FC9-4665-A10C-7A873C59025D} = {EFC181B9-58B8-4771-8FBF-B3A90B284875}
		{7E8FE40A-1ED4-48A7-B1B3-AF7805CC74AC} = {EFC181B9-58B8-4771-8FBF-B3A90B284875}
	EndGlobalSection
EndGlobal
